// !$*UTF8*$!
{
	archiveVersion = 1;
	classes = {
	};
	objectVersion = 46;
	objects = {

/* Begin PBXBuildFile section */
		966C7D01ABFE8E8CEE34ED31 /* libPods-MVVM.a in Frameworks */ = {isa = PBXBuildFile; fileRef = 49564998417AE2EF7B14EDDD /* libPods-MVVM.a */; };
		EEA8EE391FC2BE0300DB4B70 /* main.m in Sources */ = {isa = PBXBuildFile; fileRef = EEA8EE381FC2BE0300DB4B70 /* main.m */; };
		EEA8EE3C1FC2BE0300DB4B70 /* AppDelegate.m in Sources */ = {isa = PBXBuildFile; fileRef = EEA8EE3B1FC2BE0300DB4B70 /* AppDelegate.m */; };
		EEA8EE3F1FC2BE0300DB4B70 /* ViewController.m in Sources */ = {isa = PBXBuildFile; fileRef = EEA8EE3E1FC2BE0300DB4B70 /* ViewController.m */; };
		EEA8EE421FC2BE0300DB4B70 /* Main.storyboard in Resources */ = {isa = PBXBuildFile; fileRef = EEA8EE401FC2BE0300DB4B70 /* Main.storyboard */; };
		EEA8EE441FC2BE0300DB4B70 /* Assets.xcassets in Resources */ = {isa = PBXBuildFile; fileRef = EEA8EE431FC2BE0300DB4B70 /* Assets.xcassets */; };
		EEA8EE471FC2BE0300DB4B70 /* LaunchScreen.storyboard in Resources */ = {isa = PBXBuildFile; fileRef = EEA8EE451FC2BE0300DB4B70 /* LaunchScreen.storyboard */; };
		EEA8EE521FC2BE0300DB4B70 /* MVVMUITests.m in Sources */ = {isa = PBXBuildFile; fileRef = EEA8EE511FC2BE0300DB4B70 /* MVVMUITests.m */; };
		EEA8EE601FC2BE4100DB4B70 /* BaseViewController.m in Sources */ = {isa = PBXBuildFile; fileRef = EEA8EE5D1FC2BE4100DB4B70 /* BaseViewController.m */; };
		EEA8EE611FC2BE4100DB4B70 /* ViewModel.m in Sources */ = {isa = PBXBuildFile; fileRef = EEA8EE5F1FC2BE4100DB4B70 /* ViewModel.m */; };
		EEA8EE641FC2BF0800DB4B70 /* BaseModel.m in Sources */ = {isa = PBXBuildFile; fileRef = EEA8EE631FC2BF0800DB4B70 /* BaseModel.m */; };
/* End PBXBuildFile section */

/* Begin PBXContainerItemProxy section */
		EEA8EE4E1FC2BE0300DB4B70 /* PBXContainerItemProxy */ = {
			isa = PBXContainerItemProxy;
			containerPortal = EEA8EE2C1FC2BE0200DB4B70 /* Project object */;
			proxyType = 1;
			remoteGlobalIDString = EEA8EE331FC2BE0300DB4B70;
			remoteInfo = MVVM;
		};
/* End PBXContainerItemProxy section */

/* Begin PBXFileReference section */
		49564998417AE2EF7B14EDDD /* libPods-MVVM.a */ = {isa = PBXFileReference; explicitFileType = archive.ar; includeInIndex = 0; path = "libPods-MVVM.a"; sourceTree = BUILT_PRODUCTS_DIR; };
		779F49EE400FDF14AE0C698D /* Pods-MVVM.debug.xcconfig */ = {isa = PBXFileReference; includeInIndex = 1; lastKnownFileType = text.xcconfig; name = "Pods-MVVM.debug.xcconfig"; path = "Pods/Target Support Files/Pods-MVVM/Pods-MVVM.debug.xcconfig"; sourceTree = "<group>"; };
		8A37711FE165DED0AF38F558 /* Pods-MVVM.release.xcconfig */ = {isa = PBXFileReference; includeInIndex = 1; lastKnownFileType = text.xcconfig; name = "Pods-MVVM.release.xcconfig"; path = "Pods/Target Support Files/Pods-MVVM/Pods-MVVM.release.xcconfig"; sourceTree = "<group>"; };
		EEA8EE341FC2BE0300DB4B70 /* MVVM.app */ = {isa = PBXFileReference; explicitFileType = wrapper.application; includeInIndex = 0; path = MVVM.app; sourceTree = BUILT_PRODUCTS_DIR; };
		EEA8EE381FC2BE0300DB4B70 /* main.m */ = {isa = PBXFileReference; lastKnownFileType = sourcecode.c.objc; path = main.m; sourceTree = "<group>"; };
		EEA8EE3A1FC2BE0300DB4B70 /* AppDelegate.h */ = {isa = PBXFileReference; lastKnownFileType = sourcecode.c.h; path = AppDelegate.h; sourceTree = "<group>"; };
		EEA8EE3B1FC2BE0300DB4B70 /* AppDelegate.m */ = {isa = PBXFileReference; lastKnownFileType = sourcecode.c.objc; path = AppDelegate.m; sourceTree = "<group>"; };
		EEA8EE3D1FC2BE0300DB4B70 /* ViewController.h */ = {isa = PBXFileReference; lastKnownFileType = sourcecode.c.h; path = ViewController.h; sourceTree = "<group>"; };
		EEA8EE3E1FC2BE0300DB4B70 /* ViewController.m */ = {isa = PBXFileReference; lastKnownFileType = sourcecode.c.objc; path = ViewController.m; sourceTree = "<group>"; };
		EEA8EE411FC2BE0300DB4B70 /* Base */ = {isa = PBXFileReference; lastKnownFileType = file.storyboard; name = Base; path = Base.lproj/Main.storyboard; sourceTree = "<group>"; };
		EEA8EE431FC2BE0300DB4B70 /* Assets.xcassets */ = {isa = PBXFileReference; lastKnownFileType = folder.assetcatalog; path = Assets.xcassets; sourceTree = "<group>"; };
		EEA8EE461FC2BE0300DB4B70 /* Base */ = {isa = PBXFileReference; lastKnownFileType = file.storyboard; name = Base; path = Base.lproj/LaunchScreen.storyboard; sourceTree = "<group>"; };
		EEA8EE481FC2BE0300DB4B70 /* Info.plist */ = {isa = PBXFileReference; lastKnownFileType = text.plist.xml; path = Info.plist; sourceTree = "<group>"; };
		EEA8EE4D1FC2BE0300DB4B70 /* MVVMUITests.xctest */ = {isa = PBXFileReference; explicitFileType = wrapper.cfbundle; includeInIndex = 0; path = MVVMUITests.xctest; sourceTree = BUILT_PRODUCTS_DIR; };
		EEA8EE511FC2BE0300DB4B70 /* MVVMUITests.m */ = {isa = PBXFileReference; lastKnownFileType = sourcecode.c.objc; path = MVVMUITests.m; sourceTree = "<group>"; };
		EEA8EE531FC2BE0300DB4B70 /* Info.plist */ = {isa = PBXFileReference; lastKnownFileType = text.plist.xml; path = Info.plist; sourceTree = "<group>"; };
		EEA8EE5C1FC2BE4100DB4B70 /* BaseViewController.h */ = {isa = PBXFileReference; fileEncoding = 4; lastKnownFileType = sourcecode.c.h; path = BaseViewController.h; sourceTree = "<group>"; };
		EEA8EE5D1FC2BE4100DB4B70 /* BaseViewController.m */ = {isa = PBXFileReference; fileEncoding = 4; lastKnownFileType = sourcecode.c.objc; path = BaseViewController.m; sourceTree = "<group>"; };
		EEA8EE5E1FC2BE4100DB4B70 /* ViewModel.h */ = {isa = PBXFileReference; fileEncoding = 4; lastKnownFileType = sourcecode.c.h; path = ViewModel.h; sourceTree = "<group>"; };
		EEA8EE5F1FC2BE4100DB4B70 /* ViewModel.m */ = {isa = PBXFileReference; fileEncoding = 4; lastKnownFileType = sourcecode.c.objc; path = ViewModel.m; sourceTree = "<group>"; };
		EEA8EE621FC2BF0800DB4B70 /* BaseModel.h */ = {isa = PBXFileReference; fileEncoding = 4; lastKnownFileType = sourcecode.c.h; path = BaseModel.h; sourceTree = "<group>"; };
		EEA8EE631FC2BF0800DB4B70 /* BaseModel.m */ = {isa = PBXFileReference; fileEncoding = 4; lastKnownFileType = sourcecode.c.objc; path = BaseModel.m; sourceTree = "<group>"; };
/* End PBXFileReference section */

/* Begin PBXFrameworksBuildPhase section */
		EEA8EE311FC2BE0300DB4B70 /* Frameworks */ = {
			isa = PBXFrameworksBuildPhase;
			buildActionMask = 2147483647;
			files = (
				966C7D01ABFE8E8CEE34ED31 /* libPods-MVVM.a in Frameworks */,
			);
			runOnlyForDeploymentPostprocessing = 0;
		};
		EEA8EE4A1FC2BE0300DB4B70 /* Frameworks */ = {
			isa = PBXFrameworksBuildPhase;
			buildActionMask = 2147483647;
			files = (
			);
			runOnlyForDeploymentPostprocessing = 0;
		};
/* End PBXFrameworksBuildPhase section */

/* Begin PBXGroup section */
		1E0B3E958C7284F7FB8A5A55 /* Frameworks */ = {
			isa = PBXGroup;
			children = (
				49564998417AE2EF7B14EDDD /* libPods-MVVM.a */,
			);
			name = Frameworks;
			sourceTree = "<group>";
		};
		6C0EEE9662159B5F1AC2F4DD /* Pods */ = {
			isa = PBXGroup;
			children = (
				779F49EE400FDF14AE0C698D /* Pods-MVVM.debug.xcconfig */,
				8A37711FE165DED0AF38F558 /* Pods-MVVM.release.xcconfig */,
			);
			name = Pods;
			sourceTree = "<group>";
		};
		EEA8EE2B1FC2BE0200DB4B70 = {
			isa = PBXGroup;
			children = (
				EEA8EE361FC2BE0300DB4B70 /* MVVM */,
				EEA8EE501FC2BE0300DB4B70 /* MVVMUITests */,
				EEA8EE351FC2BE0300DB4B70 /* Products */,
				6C0EEE9662159B5F1AC2F4DD /* Pods */,
				1E0B3E958C7284F7FB8A5A55 /* Frameworks */,
			);
			sourceTree = "<group>";
		};
		EEA8EE351FC2BE0300DB4B70 /* Products */ = {
			isa = PBXGroup;
			children = (
				EEA8EE341FC2BE0300DB4B70 /* MVVM.app */,
				EEA8EE4D1FC2BE0300DB4B70 /* MVVMUITests.xctest */,
			);
			name = Products;
			sourceTree = "<group>";
		};
		EEA8EE361FC2BE0300DB4B70 /* MVVM */ = {
			isa = PBXGroup;
			children = (
				EEA8EE3A1FC2BE0300DB4B70 /* AppDelegate.h */,
				EEA8EE3B1FC2BE0300DB4B70 /* AppDelegate.m */,
				EEA8EE3D1FC2BE0300DB4B70 /* ViewController.h */,
				EEA8EE3E1FC2BE0300DB4B70 /* ViewController.m */,
				EEA8EE5C1FC2BE4100DB4B70 /* BaseViewController.h */,
				EEA8EE5D1FC2BE4100DB4B70 /* BaseViewController.m */,
				EEA8EE5E1FC2BE4100DB4B70 /* ViewModel.h */,
				EEA8EE5F1FC2BE4100DB4B70 /* ViewModel.m */,
				EEA8EE621FC2BF0800DB4B70 /* BaseModel.h */,
				EEA8EE631FC2BF0800DB4B70 /* BaseModel.m */,
				EEA8EE401FC2BE0300DB4B70 /* Main.storyboard */,
				EEA8EE431FC2BE0300DB4B70 /* Assets.xcassets */,
				EEA8EE451FC2BE0300DB4B70 /* LaunchScreen.storyboard */,
				EEA8EE481FC2BE0300DB4B70 /* Info.plist */,
				EEA8EE371FC2BE0300DB4B70 /* Supporting Files */,
			);
			path = MVVM;
			sourceTree = "<group>";
		};
		EEA8EE371FC2BE0300DB4B70 /* Supporting Files */ = {
			isa = PBXGroup;
			children = (
				EEA8EE381FC2BE0300DB4B70 /* main.m */,
			);
			name = "Supporting Files";
			sourceTree = "<group>";
		};
		EEA8EE501FC2BE0300DB4B70 /* MVVMUITests */ = {
			isa = PBXGroup;
			children = (
				EEA8EE511FC2BE0300DB4B70 /* MVVMUITests.m */,
				EEA8EE531FC2BE0300DB4B70 /* Info.plist */,
			);
			path = MVVMUITests;
			sourceTree = "<group>";
		};
/* End PBXGroup section */

/* Begin PBXNativeTarget section */
		EEA8EE331FC2BE0300DB4B70 /* MVVM */ = {
			isa = PBXNativeTarget;
			buildConfigurationList = EEA8EE561FC2BE0300DB4B70 /* Build configuration list for PBXNativeTarget "MVVM" */;
			buildPhases = (
				08359D3F60AC4BAE2F5170F5 /* [CP] Check Pods Manifest.lock */,
				EEA8EE301FC2BE0300DB4B70 /* Sources */,
				EEA8EE311FC2BE0300DB4B70 /* Frameworks */,
				EEA8EE321FC2BE0300DB4B70 /* Resources */,
				64B8678FA96862D753B37639 /* [CP] Embed Pods Frameworks */,
				E012A57FF384D23168CFA580 /* [CP] Copy Pods Resources */,
			);
			buildRules = (
			);
			dependencies = (
			);
			name = MVVM;
			productName = MVVM;
			productReference = EEA8EE341FC2BE0300DB4B70 /* MVVM.app */;
			productType = "com.apple.product-type.application";
		};
		EEA8EE4C1FC2BE0300DB4B70 /* MVVMUITests */ = {
			isa = PBXNativeTarget;
			buildConfigurationList = EEA8EE591FC2BE0300DB4B70 /* Build configuration list for PBXNativeTarget "MVVMUITests" */;
			buildPhases = (
				EEA8EE491FC2BE0300DB4B70 /* Sources */,
				EEA8EE4A1FC2BE0300DB4B70 /* Frameworks */,
				EEA8EE4B1FC2BE0300DB4B70 /* Resources */,
			);
			buildRules = (
			);
			dependencies = (
				EEA8EE4F1FC2BE0300DB4B70 /* PBXTargetDependency */,
			);
			name = MVVMUITests;
			productName = MVVMUITests;
			productReference = EEA8EE4D1FC2BE0300DB4B70 /* MVVMUITests.xctest */;
			productType = "com.apple.product-type.bundle.ui-testing";
		};
/* End PBXNativeTarget section */

/* Begin PBXProject section */
		EEA8EE2C1FC2BE0200DB4B70 /* Project object */ = {
			isa = PBXProject;
			attributes = {
				LastUpgradeCheck = 0830;
				ORGANIZATIONNAME = jiang;
				TargetAttributes = {
					EEA8EE331FC2BE0300DB4B70 = {
						CreatedOnToolsVersion = 8.3.3;
						ProvisioningStyle = Automatic;
					};
					EEA8EE4C1FC2BE0300DB4B70 = {
						CreatedOnToolsVersion = 8.3.3;
						ProvisioningStyle = Automatic;
						TestTargetID = EEA8EE331FC2BE0300DB4B70;
					};
				};
			};
			buildConfigurationList = EEA8EE2F1FC2BE0200DB4B70 /* Build configuration list for PBXProject "MVVM" */;
			compatibilityVersion = "Xcode 3.2";
			developmentRegion = English;
			hasScannedForEncodings = 0;
			knownRegions = (
				en,
				Base,
			);
			mainGroup = EEA8EE2B1FC2BE0200DB4B70;
			productRefGroup = EEA8EE351FC2BE0300DB4B70 /* Products */;
			projectDirPath = "";
			projectRoot = "";
			targets = (
				EEA8EE331FC2BE0300DB4B70 /* MVVM */,
				EEA8EE4C1FC2BE0300DB4B70 /* MVVMUITests */,
			);
		};
/* End PBXProject section */

/* Begin PBXResourcesBuildPhase section */
		EEA8EE321FC2BE0300DB4B70 /* Resources */ = {
			isa = PBXResourcesBuildPhase;
			buildActionMask = 2147483647;
			files = (
				EEA8EE471FC2BE0300DB4B70 /* LaunchScreen.storyboard in Resources */,
				EEA8EE441FC2BE0300DB4B70 /* Assets.xcassets in Resources */,
				EEA8EE421FC2BE0300DB4B70 /* Main.storyboard in Resources */,
			);
			runOnlyForDeploymentPostprocessing = 0;
		};
		EEA8EE4B1FC2BE0300DB4B70 /* Resources */ = {
			isa = PBXResourcesBuildPhase;
			buildActionMask = 2147483647;
			files = (
			);
			runOnlyForDeploymentPostprocessing = 0;
		};
/* End PBXResourcesBuildPhase section */

/* Begin PBXShellScriptBuildPhase section */
		08359D3F60AC4BAE2F5170F5 /* [CP] Check Pods Manifest.lock */ = {
			isa = PBXShellScriptBuildPhase;
			buildActionMask = 2147483647;
			files = (
			);
			inputPaths = (
				"${PODS_PODFILE_DIR_PATH}/Podfile.lock",
				"${PODS_ROOT}/Manifest.lock",
			);
			name = "[CP] Check Pods Manifest.lock";
			outputPaths = (
				"$(DERIVED_FILE_DIR)/Pods-MVVM-checkManifestLockResult.txt",
			);
			runOnlyForDeploymentPostprocessing = 0;
			shellPath = /bin/sh;
			shellScript = "diff \"${PODS_PODFILE_DIR_PATH}/Podfile.lock\" \"${PODS_ROOT}/Manifest.lock\" > /dev/null\nif [ $? != 0 ] ; then\n    # print error to STDERR\n    echo \"error: The sandbox is not in sync with the Podfile.lock. Run 'pod install' or update your CocoaPods installation.\" >&2\n    exit 1\nfi\n# This output is used by Xcode 'outputs' to avoid re-running this script phase.\necho \"SUCCESS\" > \"${SCRIPT_OUTPUT_FILE_0}\"\n";
			showEnvVarsInLog = 0;
		};
		64B8678FA96862D753B37639 /* [CP] Embed Pods Frameworks */ = {
			isa = PBXShellScriptBuildPhase;
			buildActionMask = 2147483647;
			files = (
			);
			inputPaths = (
			);
			name = "[CP] Embed Pods Frameworks";
			outputPaths = (
			);
			runOnlyForDeploymentPostprocessing = 0;
			shellPath = /bin/sh;
			shellScript = "\"${SRCROOT}/Pods/Target Support Files/Pods-MVVM/Pods-MVVM-frameworks.sh\"\n";
			showEnvVarsInLog = 0;
		};
		E012A57FF384D23168CFA580 /* [CP] Copy Pods Resources */ = {
			isa = PBXShellScriptBuildPhase;
			buildActionMask = 2147483647;
			files = (
			);
			inputPaths = (
				"${SRCROOT}/Pods/Target Support Files/Pods-MVVM/Pods-MVVM-resources.sh",
				"${PODS_ROOT}/MJRefresh/MJRefresh/MJRefresh.bundle",
			);
			name = "[CP] Copy Pods Resources";
			outputPaths = (
				"${TARGET_BUILD_DIR}/${UNLOCALIZED_RESOURCES_FOLDER_PATH}",
			);
			runOnlyForDeploymentPostprocessing = 0;
			shellPath = /bin/sh;
			shellScript = "\"${SRCROOT}/Pods/Target Support Files/Pods-MVVM/Pods-MVVM-resources.sh\"\n";
			showEnvVarsInLog = 0;
		};
/* End PBXShellScriptBuildPhase section */

/* Begin PBXSourcesBuildPhase section */
		EEA8EE301FC2BE0300DB4B70 /* Sources */ = {
			isa = PBXSourcesBuildPhase;
			buildActionMask = 2147483647;
			files = (
				EEA8EE641FC2BF0800DB4B70 /* BaseModel.m in Sources */,
				EEA8EE3F1FC2BE0300DB4B70 /* ViewController.m in Sources */,
				EEA8EE601FC2BE4100DB4B70 /* BaseViewController.m in Sources */,
				EEA8EE611FC2BE4100DB4B70 /* ViewModel.m in Sources */,
				EEA8EE3C1FC2BE0300DB4B70 /* AppDelegate.m in Sources */,
				EEA8EE391FC2BE0300DB4B70 /* main.m in Sources */,
			);
			runOnlyForDeploymentPostprocessing = 0;
		};
		EEA8EE491FC2BE0300DB4B70 /* Sources */ = {
			isa = PBXSourcesBuildPhase;
			buildActionMask = 2147483647;
			files = (
				EEA8EE521FC2BE0300DB4B70 /* MVVMUITests.m in Sources */,
			);
			runOnlyForDeploymentPostprocessing = 0;
		};
/* End PBXSourcesBuildPhase section */

/* Begin PBXTargetDependency section */
		EEA8EE4F1FC2BE0300DB4B70 /* PBXTargetDependency */ = {
			isa = PBXTargetDependency;
			target = EEA8EE331FC2BE0300DB4B70 /* MVVM */;
			targetProxy = EEA8EE4E1FC2BE0300DB4B70 /* PBXContainerItemProxy */;
		};
/* End PBXTargetDependency section */

/* Begin PBXVariantGroup section */
		EEA8EE401FC2BE0300DB4B70 /* Main.storyboard */ = {
			isa = PBXVariantGroup;
			children = (
				EEA8EE411FC2BE0300DB4B70 /* Base */,
			);
			name = Main.storyboard;
			sourceTree = "<group>";
		};
		EEA8EE451FC2BE0300DB4B70 /* LaunchScreen.storyboard */ = {
			isa = PBXVariantGroup;
			children = (
				EEA8EE461FC2BE0300DB4B70 /* Base */,
			);
			name = LaunchScreen.storyboard;
			sourceTree = "<group>";
		};
/* End PBXVariantGroup section */

/* Begin XCBuildConfiguration section */
		EEA8EE541FC2BE0300DB4B70 /* Debug */ = {
			isa = XCBuildConfiguration;
			buildSettings = {
				ALWAYS_SEARCH_USER_PATHS = NO;
				CLANG_ANALYZER_NONNULL = YES;
				CLANG_ANALYZER_NUMBER_OBJECT_CONVERSION = YES_AGGRESSIVE;
				CLANG_CXX_LANGUAGE_STANDARD = "gnu++0x";
				CLANG_CXX_LIBRARY = "libc++";
				CLANG_ENABLE_MODULES = YES;
				CLANG_ENABLE_OBJC_ARC = YES;
				CLANG_WARN_BOOL_CONVERSION = YES;
				CLANG_WARN_CONSTANT_CONVERSION = YES;
				CLANG_WARN_DIRECT_OBJC_ISA_USAGE = YES_ERROR;
				CLANG_WARN_DOCUMENTATION_COMMENTS = YES;
				CLANG_WARN_EMPTY_BODY = YES;
				CLANG_WARN_ENUM_CONVERSION = YES;
				CLANG_WARN_INFINITE_RECURSION = YES;
				CLANG_WARN_INT_CONVERSION = YES;
				CLANG_WARN_OBJC_ROOT_CLASS = YES_ERROR;
				CLANG_WARN_SUSPICIOUS_MOVE = YES;
				CLANG_WARN_UNREACHABLE_CODE = YES;
				CLANG_WARN__DUPLICATE_METHOD_MATCH = YES;
				"CODE_SIGN_IDENTITY[sdk=iphoneos*]" = "iPhone Developer";
				COPY_PHASE_STRIP = NO;
				DEBUG_INFORMATION_FORMAT = dwarf;
				ENABLE_STRICT_OBJC_MSGSEND = YES;
				ENABLE_TESTABILITY = YES;
				GCC_C_LANGUAGE_STANDARD = gnu99;
				GCC_DYNAMIC_NO_PIC = NO;
				GCC_NO_COMMON_BLOCKS = YES;
				GCC_OPTIMIZATION_LEVEL = 0;
				GCC_PREPROCESSOR_DEFINITIONS = (
					"DEBUG=1",
					"$(inherited)",
				);
				GCC_WARN_64_TO_32_BIT_CONVERSION = YES;
				GCC_WARN_ABOUT_RETURN_TYPE = YES_ERROR;
				GCC_WARN_UNDECLARED_SELECTOR = YES;
				GCC_WARN_UNINITIALIZED_AUTOS = YES_AGGRESSIVE;
				GCC_WARN_UNUSED_FUNCTION = YES;
				GCC_WARN_UNUSED_VARIABLE = YES;
				IPHONEOS_DEPLOYMENT_TARGET = 10.3;
				MTL_ENABLE_DEBUG_INFO = YES;
				ONLY_ACTIVE_ARCH = YES;
				SDKROOT = iphoneos;
				TARGETED_DEVICE_FAMILY = "1,2";
			};
			name = Debug;
		};
		EEA8EE551FC2BE0300DB4B70 /* Release */ = {
			isa = XCBuildConfiguration;
			buildSettings = {
				ALWAYS_SEARCH_USER_PATHS = NO;
				CLANG_ANALYZER_NONNULL = YES;
				CLANG_ANALYZER_NUMBER_OBJECT_CONVERSION = YES_AGGRESSIVE;
				CLANG_CXX_LANGUAGE_STANDARD = "gnu++0x";
				CLANG_CXX_LIBRARY = "libc++";
				CLANG_ENABLE_MODULES = YES;
				CLANG_ENABLE_OBJC_ARC = YES;
				CLANG_WARN_BOOL_CONVERSION = YES;
				CLANG_WARN_CONSTANT_CONVERSION = YES;
				CLANG_WARN_DIRECT_OBJC_ISA_USAGE = YES_ERROR;
				CLANG_WARN_DOCUMENTATION_COMMENTS = YES;
				CLANG_WARN_EMPTY_BODY = YES;
				CLANG_WARN_ENUM_CONVERSION = YES;
				CLANG_WARN_INFINITE_RECURSION = YES;
				CLANG_WARN_INT_CONVERSION = YES;
				CLANG_WARN_OBJC_ROOT_CLASS = YES_ERROR;
				CLANG_WARN_SUSPICIOUS_MOVE = YES;
				CLANG_WARN_UNREACHABLE_CODE = YES;
				CLANG_WARN__DUPLICATE_METHOD_MATCH = YES;
				"CODE_SIGN_IDENTITY[sdk=iphoneos*]" = "iPhone Developer";
				COPY_PHASE_STRIP = NO;
				DEBUG_INFORMATION_FORMAT = "dwarf-with-dsym";
				ENABLE_NS_ASSERTIONS = NO;
				ENABLE_STRICT_OBJC_MSGSEND = YES;
				GCC_C_LANGUAGE_STANDARD = gnu99;
				GCC_NO_COMMON_BLOCKS = YES;
				GCC_WARN_64_TO_32_BIT_CONVERSION = YES;
				GCC_WARN_ABOUT_RETURN_TYPE = YES_ERROR;
				GCC_WARN_UNDECLARED_SELECTOR = YES;
				GCC_WARN_UNINITIALIZED_AUTOS = YES_AGGRESSIVE;
				GCC_WARN_UNUSED_FUNCTION = YES;
				GCC_WARN_UNUSED_VARIABLE = YES;
				IPHONEOS_DEPLOYMENT_TARGET = 10.3;
				MTL_ENABLE_DEBUG_INFO = NO;
				SDKROOT = iphoneos;
				TARGETED_DEVICE_FAMILY = "1,2";
				VALIDATE_PRODUCT = YES;
			};
			name = Release;
		};
		EEA8EE571FC2BE0300DB4B70 /* Debug */ = {
			isa = XCBuildConfiguration;
			baseConfigurationReference = 779F49EE400FDF14AE0C698D /* Pods-MVVM.debug.xcconfig */;
			buildSettings = {
				ASSETCATALOG_COMPILER_APPICON_NAME = AppIcon;
				INFOPLIST_FILE = MVVM/Info.plist;
				LD_RUNPATH_SEARCH_PATHS = "$(inherited) @executable_path/Frameworks";
				PRODUCT_BUNDLE_IDENTIFIER = com.jiang.MVVM;
				PRODUCT_NAME = "$(TARGET_NAME)";
			};
			name = Debug;
		};
		EEA8EE581FC2BE0300DB4B70 /* Release */ = {
			isa = XCBuildConfiguration;
			baseConfigurationReference = 8A37711FE165DED0AF38F558 /* Pods-MVVM.release.xcconfig */;
			buildSettings = {
				ASSETCATALOG_COMPILER_APPICON_NAME = AppIcon;
				INFOPLIST_FILE = MVVM/Info.plist;
				LD_RUNPATH_SEARCH_PATHS = "$(inherited) @executable_path/Frameworks";
				PRODUCT_BUNDLE_IDENTIFIER = com.jiang.MVVM;
				PRODUCT_NAME = "$(TARGET_NAME)";
			};
			name = Release;
		};
		EEA8EE5A1FC2BE0300DB4B70 /* Debug */ = {
			isa = XCBuildConfiguration;
			buildSettings = {
				INFOPLIST_FILE = MVVMUITests/Info.plist;
				LD_RUNPATH_SEARCH_PATHS = "$(inherited) @executable_path/Frameworks @loader_path/Frameworks";
				PRODUCT_BUNDLE_IDENTIFIER = com.jiang.MVVMUITests;
				PRODUCT_NAME = "$(TARGET_NAME)";
				TEST_TARGET_NAME = MVVM;
			};
			name = Debug;
		};
		EEA8EE5B1FC2BE0300DB4B70 /* Release */ = {
			isa = XCBuildConfiguration;
			buildSettings = {
				INFOPLIST_FILE = MVVMUITests/Info.plist;
				LD_RUNPATH_SEARCH_PATHS = "$(inherited) @executable_path/Frameworks @loader_path/Frameworks";
				PRODUCT_BUNDLE_IDENTIFIER = com.jiang.MVVMUITests;
				PRODUCT_NAME = "$(TARGET_NAME)";
				TEST_TARGET_NAME = MVVM;
			};
			name = Release;
		};
/* End XCBuildConfiguration section */

/* Begin XCConfigurationList section */
		EEA8EE2F1FC2BE0200DB4B70 /* Build configuration list for PBXProject "MVVM" */ = {
			isa = XCConfigurationList;
			buildConfigurations = (
				EEA8EE541FC2BE0300DB4B70 /* Debug */,
				EEA8EE551FC2BE0300DB4B70 /* Release */,
			);
			defaultConfigurationIsVisible = 0;
			defaultConfigurationName = Release;
		};
		EEA8EE561FC2BE0300DB4B70 /* Build configuration list for PBXNativeTarget "MVVM" */ = {
			isa = XCConfigurationList;
			buildConfigurations = (
				EEA8EE571FC2BE0300DB4B70 /* Debug */,
				EEA8EE581FC2BE0300DB4B70 /* Release */,
			);
			defaultConfigurationIsVisible = 0;
			defaultConfigurationName = Release;
		};
		EEA8EE591FC2BE0300DB4B70 /* Build configuration list for PBXNativeTarget "MVVMUITests" */ = {
			isa = XCConfigurationList;
			buildConfigurations = (
				EEA8EE5A1FC2BE0300DB4B70 /* Debug */,
				EEA8EE5B1FC2BE0300DB4B70 /* Release */,
			);
			defaultConfigurationIsVisible = 0;
			defaultConfigurationName = Release;
		};
/* End XCConfigurationList section */
	};
	rootObject = EEA8EE2C1FC2BE0200DB4B70 /* Project object */;
}
